// !$*UTF8*$!
{
	archiveVersion = 1;
	classes = {
	};
	objectVersion = 56;
	objects = {

/* Begin PBXBuildFile section */
		2A7172D92C0F3CE700DBD96F /* AppDelegate.swift in Sources */ = {isa = PBXBuildFile; fileRef = 2A7172D82C0F3CE700DBD96F /* AppDelegate.swift */; };
		2A7172DB2C0F3CE700DBD96F /* SceneDelegate.swift in Sources */ = {isa = PBXBuildFile; fileRef = 2A7172DA2C0F3CE700DBD96F /* SceneDelegate.swift */; };
		2A7172DD2C0F3CE700DBD96F /* ViewController.swift in Sources */ = {isa = PBXBuildFile; fileRef = 2A7172DC2C0F3CE700DBD96F /* ViewController.swift */; };
		2A7172E22C0F3CEA00DBD96F /* Assets.xcassets in Resources */ = {isa = PBXBuildFile; fileRef = 2A7172E12C0F3CEA00DBD96F /* Assets.xcassets */; };
		2A7172E52C0F3CEA00DBD96F /* LaunchScreen.storyboard in Resources */ = {isa = PBXBuildFile; fileRef = 2A7172E32C0F3CEA00DBD96F /* LaunchScreen.storyboard */; };
		2A7172EE2C0F3D1C00DBD96F /* Swinject in Frameworks */ = {isa = PBXBuildFile; productRef = 2A7172ED2C0F3D1C00DBD96F /* Swinject */; };
		2A7172F22C0F48E100DBD96F /* TabBarFabric.swift in Sources */ = {isa = PBXBuildFile; fileRef = 2A7172F12C0F48E100DBD96F /* TabBarFabric.swift */; };
		2A7172F52C10AB8800DBD96F /* CompetitionsViewModel.swift in Sources */ = {isa = PBXBuildFile; fileRef = 2A7172F42C10AB8800DBD96F /* CompetitionsViewModel.swift */; };
		2A7172F72C10AB9B00DBD96F /* CompetitionsViewController.swift in Sources */ = {isa = PBXBuildFile; fileRef = 2A7172F62C10AB9B00DBD96F /* CompetitionsViewController.swift */; };
		2A7172F92C10ABEB00DBD96F /* CompetitionsView.swift in Sources */ = {isa = PBXBuildFile; fileRef = 2A7172F82C10ABEB00DBD96F /* CompetitionsView.swift */; };
		2A7172FC2C10C1FF00DBD96F /* CompetitionCardView.swift in Sources */ = {isa = PBXBuildFile; fileRef = 2A7172FB2C10C1FF00DBD96F /* CompetitionCardView.swift */; };
		2A7172FE2C10C22700DBD96F /* CompetitionCardViewController.swift in Sources */ = {isa = PBXBuildFile; fileRef = 2A7172FD2C10C22700DBD96F /* CompetitionCardViewController.swift */; };
		2A7173012C10EEBF00DBD96F /* EditCompetitionCardViewController.swift in Sources */ = {isa = PBXBuildFile; fileRef = 2A7173002C10EEBF00DBD96F /* EditCompetitionCardViewController.swift */; };
		2A7173032C10EED300DBD96F /* EditCompetitionCardView.swift in Sources */ = {isa = PBXBuildFile; fileRef = 2A7173022C10EED300DBD96F /* EditCompetitionCardView.swift */; };
		2A7173062C10FD4F00DBD96F /* CustomTextField.swift in Sources */ = {isa = PBXBuildFile; fileRef = 2A7173052C10FD4F00DBD96F /* CustomTextField.swift */; };
		2A7173082C11120900DBD96F /* CompetitionCollectionViewCell.swift in Sources */ = {isa = PBXBuildFile; fileRef = 2A7173072C11120900DBD96F /* CompetitionCollectionViewCell.swift */; };
		2A71730B2C11E43B00DBD96F /* ContainerAssembly.swift in Sources */ = {isa = PBXBuildFile; fileRef = 2A71730A2C11E43B00DBD96F /* ContainerAssembly.swift */; };
		2A71730E2C11E5E700DBD96F /* CoordinatorProtocol.swift in Sources */ = {isa = PBXBuildFile; fileRef = 2A71730D2C11E5E700DBD96F /* CoordinatorProtocol.swift */; };
		2A7173102C11E61F00DBD96F /* CompetitionsScreenFlowCoordinator.swift in Sources */ = {isa = PBXBuildFile; fileRef = 2A71730F2C11E61F00DBD96F /* CompetitionsScreenFlowCoordinator.swift */; };
		2A7173132C11E8E800DBD96F /* UIImageExtension.swift in Sources */ = {isa = PBXBuildFile; fileRef = 2A7173122C11E8E800DBD96F /* UIImageExtension.swift */; };
		2A7173152C11E90600DBD96F /* UICollectionViewCellExtension.swift in Sources */ = {isa = PBXBuildFile; fileRef = 2A7173142C11E90600DBD96F /* UICollectionViewCellExtension.swift */; };
		2A7173172C11EF5E00DBD96F /* CompetitionCardViewModel.swift in Sources */ = {isa = PBXBuildFile; fileRef = 2A7173162C11EF5E00DBD96F /* CompetitionCardViewModel.swift */; };
		2A7173192C11F1F100DBD96F /* EditCompetitionCardViewModel.swift in Sources */ = {isa = PBXBuildFile; fileRef = 2A7173182C11F1F100DBD96F /* EditCompetitionCardViewModel.swift */; };
/* End PBXBuildFile section */

/* Begin PBXFileReference section */
		2A7172D52C0F3CE700DBD96F /* Vulcano.app */ = {isa = PBXFileReference; explicitFileType = wrapper.application; includeInIndex = 0; path = Vulcano.app; sourceTree = BUILT_PRODUCTS_DIR; };
		2A7172D82C0F3CE700DBD96F /* AppDelegate.swift */ = {isa = PBXFileReference; lastKnownFileType = sourcecode.swift; path = AppDelegate.swift; sourceTree = "<group>"; };
		2A7172DA2C0F3CE700DBD96F /* SceneDelegate.swift */ = {isa = PBXFileReference; lastKnownFileType = sourcecode.swift; path = SceneDelegate.swift; sourceTree = "<group>"; };
		2A7172DC2C0F3CE700DBD96F /* ViewController.swift */ = {isa = PBXFileReference; lastKnownFileType = sourcecode.swift; path = ViewController.swift; sourceTree = "<group>"; };
		2A7172E12C0F3CEA00DBD96F /* Assets.xcassets */ = {isa = PBXFileReference; lastKnownFileType = folder.assetcatalog; path = Assets.xcassets; sourceTree = "<group>"; };
		2A7172E42C0F3CEA00DBD96F /* Base */ = {isa = PBXFileReference; lastKnownFileType = file.storyboard; name = Base; path = Base.lproj/LaunchScreen.storyboard; sourceTree = "<group>"; };
		2A7172E62C0F3CEA00DBD96F /* Info.plist */ = {isa = PBXFileReference; lastKnownFileType = text.plist.xml; path = Info.plist; sourceTree = "<group>"; };
		2A7172F12C0F48E100DBD96F /* TabBarFabric.swift */ = {isa = PBXFileReference; lastKnownFileType = sourcecode.swift; path = TabBarFabric.swift; sourceTree = "<group>"; };
		2A7172F42C10AB8800DBD96F /* CompetitionsViewModel.swift */ = {isa = PBXFileReference; lastKnownFileType = sourcecode.swift; path = CompetitionsViewModel.swift; sourceTree = "<group>"; };
		2A7172F62C10AB9B00DBD96F /* CompetitionsViewController.swift */ = {isa = PBXFileReference; lastKnownFileType = sourcecode.swift; path = CompetitionsViewController.swift; sourceTree = "<group>"; };
		2A7172F82C10ABEB00DBD96F /* CompetitionsView.swift */ = {isa = PBXFileReference; lastKnownFileType = sourcecode.swift; path = CompetitionsView.swift; sourceTree = "<group>"; };
		2A7172FB2C10C1FF00DBD96F /* CompetitionCardView.swift */ = {isa = PBXFileReference; lastKnownFileType = sourcecode.swift; path = CompetitionCardView.swift; sourceTree = "<group>"; };
		2A7172FD2C10C22700DBD96F /* CompetitionCardViewController.swift */ = {isa = PBXFileReference; lastKnownFileType = sourcecode.swift; path = CompetitionCardViewController.swift; sourceTree = "<group>"; };
		2A7173002C10EEBF00DBD96F /* EditCompetitionCardViewController.swift */ = {isa = PBXFileReference; lastKnownFileType = sourcecode.swift; path = EditCompetitionCardViewController.swift; sourceTree = "<group>"; };
		2A7173022C10EED300DBD96F /* EditCompetitionCardView.swift */ = {isa = PBXFileReference; lastKnownFileType = sourcecode.swift; path = EditCompetitionCardView.swift; sourceTree = "<group>"; };
		2A7173052C10FD4F00DBD96F /* CustomTextField.swift */ = {isa = PBXFileReference; lastKnownFileType = sourcecode.swift; path = CustomTextField.swift; sourceTree = "<group>"; };
		2A7173072C11120900DBD96F /* CompetitionCollectionViewCell.swift */ = {isa = PBXFileReference; lastKnownFileType = sourcecode.swift; path = CompetitionCollectionViewCell.swift; sourceTree = "<group>"; };
		2A71730A2C11E43B00DBD96F /* ContainerAssembly.swift */ = {isa = PBXFileReference; lastKnownFileType = sourcecode.swift; path = ContainerAssembly.swift; sourceTree = "<group>"; };
		2A71730D2C11E5E700DBD96F /* CoordinatorProtocol.swift */ = {isa = PBXFileReference; lastKnownFileType = sourcecode.swift; path = CoordinatorProtocol.swift; sourceTree = "<group>"; };
		2A71730F2C11E61F00DBD96F /* CompetitionsScreenFlowCoordinator.swift */ = {isa = PBXFileReference; lastKnownFileType = sourcecode.swift; path = CompetitionsScreenFlowCoordinator.swift; sourceTree = "<group>"; };
		2A7173122C11E8E800DBD96F /* UIImageExtension.swift */ = {isa = PBXFileReference; lastKnownFileType = sourcecode.swift; path = UIImageExtension.swift; sourceTree = "<group>"; };
		2A7173142C11E90600DBD96F /* UICollectionViewCellExtension.swift */ = {isa = PBXFileReference; lastKnownFileType = sourcecode.swift; path = UICollectionViewCellExtension.swift; sourceTree = "<group>"; };
		2A7173162C11EF5E00DBD96F /* CompetitionCardViewModel.swift */ = {isa = PBXFileReference; lastKnownFileType = sourcecode.swift; path = CompetitionCardViewModel.swift; sourceTree = "<group>"; };
		2A7173182C11F1F100DBD96F /* EditCompetitionCardViewModel.swift */ = {isa = PBXFileReference; lastKnownFileType = sourcecode.swift; path = EditCompetitionCardViewModel.swift; sourceTree = "<group>"; };
/* End PBXFileReference section */

/* Begin PBXFrameworksBuildPhase section */
		2A7172D22C0F3CE700DBD96F /* Frameworks */ = {
			isa = PBXFrameworksBuildPhase;
			buildActionMask = 2147483647;
			files = (
				2A7172EE2C0F3D1C00DBD96F /* Swinject in Frameworks */,
			);
			runOnlyForDeploymentPostprocessing = 0;
		};
/* End PBXFrameworksBuildPhase section */

/* Begin PBXGroup section */
		2A7172CC2C0F3CE700DBD96F = {
			isa = PBXGroup;
			children = (
				2A7172D72C0F3CE700DBD96F /* Vulcano */,
				2A7172D62C0F3CE700DBD96F /* Products */,
			);
			sourceTree = "<group>";
		};
		2A7172D62C0F3CE700DBD96F /* Products */ = {
			isa = PBXGroup;
			children = (
				2A7172D52C0F3CE700DBD96F /* Vulcano.app */,
			);
			name = Products;
			sourceTree = "<group>";
		};
		2A7172D72C0F3CE700DBD96F /* Vulcano */ = {
			isa = PBXGroup;
			children = (
				2A7173112C11E8CF00DBD96F /* Extensions */,
				2A71730C2C11E5BF00DBD96F /* FlowCoordinator */,
				2A7173092C11E3DE00DBD96F /* Assemblies */,
				2A7173042C10FD3A00DBD96F /* CustomViews */,
				2A7172F32C10AB6700DBD96F /* CompetitionsScreen */,
				2A7172F02C0F442F00DBD96F /* Fabrics */,
				2A7172D82C0F3CE700DBD96F /* AppDelegate.swift */,
				2A7172DA2C0F3CE700DBD96F /* SceneDelegate.swift */,
				2A7172DC2C0F3CE700DBD96F /* ViewController.swift */,
				2A7172E12C0F3CEA00DBD96F /* Assets.xcassets */,
				2A7172E32C0F3CEA00DBD96F /* LaunchScreen.storyboard */,
				2A7172E62C0F3CEA00DBD96F /* Info.plist */,
			);
			path = Vulcano;
			sourceTree = "<group>";
		};
		2A7172F02C0F442F00DBD96F /* Fabrics */ = {
			isa = PBXGroup;
			children = (
				2A7172F12C0F48E100DBD96F /* TabBarFabric.swift */,
			);
			path = Fabrics;
			sourceTree = "<group>";
		};
		2A7172F32C10AB6700DBD96F /* CompetitionsScreen */ = {
			isa = PBXGroup;
			children = (
				2A7172FA2C10C14900DBD96F /* CompetitionCardScreen */,
				2A7172F42C10AB8800DBD96F /* CompetitionsViewModel.swift */,
				2A7172F62C10AB9B00DBD96F /* CompetitionsViewController.swift */,
				2A7172F82C10ABEB00DBD96F /* CompetitionsView.swift */,
				2A7173072C11120900DBD96F /* CompetitionCollectionViewCell.swift */,
			);
			path = CompetitionsScreen;
			sourceTree = "<group>";
		};
		2A7172FA2C10C14900DBD96F /* CompetitionCardScreen */ = {
			isa = PBXGroup;
			children = (
				2A7172FF2C10EE8E00DBD96F /* EditCompetitionCardScreen */,
				2A7172FB2C10C1FF00DBD96F /* CompetitionCardView.swift */,
				2A7172FD2C10C22700DBD96F /* CompetitionCardViewController.swift */,
				2A7173162C11EF5E00DBD96F /* CompetitionCardViewModel.swift */,
			);
			path = CompetitionCardScreen;
			sourceTree = "<group>";
		};
		2A7172FF2C10EE8E00DBD96F /* EditCompetitionCardScreen */ = {
			isa = PBXGroup;
			children = (
				2A7173002C10EEBF00DBD96F /* EditCompetitionCardViewController.swift */,
				2A7173022C10EED300DBD96F /* EditCompetitionCardView.swift */,
				2A7173182C11F1F100DBD96F /* EditCompetitionCardViewModel.swift */,
			);
			path = EditCompetitionCardScreen;
			sourceTree = "<group>";
		};
		2A7173042C10FD3A00DBD96F /* CustomViews */ = {
			isa = PBXGroup;
			children = (
				2A7173052C10FD4F00DBD96F /* CustomTextField.swift */,
			);
			path = CustomViews;
			sourceTree = "<group>";
		};
		2A7173092C11E3DE00DBD96F /* Assemblies */ = {
			isa = PBXGroup;
			children = (
				2A71730A2C11E43B00DBD96F /* ContainerAssembly.swift */,
			);
			path = Assemblies;
			sourceTree = "<group>";
		};
		2A71730C2C11E5BF00DBD96F /* FlowCoordinator */ = {
			isa = PBXGroup;
			children = (
				2A71730D2C11E5E700DBD96F /* CoordinatorProtocol.swift */,
				2A71730F2C11E61F00DBD96F /* CompetitionsScreenFlowCoordinator.swift */,
			);
			path = FlowCoordinator;
			sourceTree = "<group>";
		};
		2A7173112C11E8CF00DBD96F /* Extensions */ = {
			isa = PBXGroup;
			children = (
				2A7173122C11E8E800DBD96F /* UIImageExtension.swift */,
				2A7173142C11E90600DBD96F /* UICollectionViewCellExtension.swift */,
			);
			path = Extensions;
			sourceTree = "<group>";
		};
/* End PBXGroup section */

/* Begin PBXNativeTarget section */
		2A7172D42C0F3CE700DBD96F /* Vulcano */ = {
			isa = PBXNativeTarget;
			buildConfigurationList = 2A7172E92C0F3CEA00DBD96F /* Build configuration list for PBXNativeTarget "Vulcano" */;
			buildPhases = (
				2A7172D12C0F3CE700DBD96F /* Sources */,
				2A7172D22C0F3CE700DBD96F /* Frameworks */,
				2A7172D32C0F3CE700DBD96F /* Resources */,
			);
			buildRules = (
			);
			dependencies = (
			);
			name = Vulcano;
			packageProductDependencies = (
				2A7172ED2C0F3D1C00DBD96F /* Swinject */,
			);
			productName = Vulcano;
			productReference = 2A7172D52C0F3CE700DBD96F /* Vulcano.app */;
			productType = "com.apple.product-type.application";
		};
/* End PBXNativeTarget section */

/* Begin PBXProject section */
		2A7172CD2C0F3CE700DBD96F /* Project object */ = {
			isa = PBXProject;
			attributes = {
				BuildIndependentTargetsInParallel = 1;
				LastSwiftUpdateCheck = 1520;
				LastUpgradeCheck = 1520;
				TargetAttributes = {
					2A7172D42C0F3CE700DBD96F = {
						CreatedOnToolsVersion = 15.2;
					};
				};
			};
			buildConfigurationList = 2A7172D02C0F3CE700DBD96F /* Build configuration list for PBXProject "Vulcano" */;
			compatibilityVersion = "Xcode 14.0";
			developmentRegion = en;
			hasScannedForEncodings = 0;
			knownRegions = (
				en,
				Base,
			);
			mainGroup = 2A7172CC2C0F3CE700DBD96F;
			packageReferences = (
				2A7172EC2C0F3D1C00DBD96F /* XCRemoteSwiftPackageReference "Swinject" */,
			);
			productRefGroup = 2A7172D62C0F3CE700DBD96F /* Products */;
			projectDirPath = "";
			projectRoot = "";
			targets = (
				2A7172D42C0F3CE700DBD96F /* Vulcano */,
			);
		};
/* End PBXProject section */

/* Begin PBXResourcesBuildPhase section */
		2A7172D32C0F3CE700DBD96F /* Resources */ = {
			isa = PBXResourcesBuildPhase;
			buildActionMask = 2147483647;
			files = (
				2A7172E52C0F3CEA00DBD96F /* LaunchScreen.storyboard in Resources */,
				2A7172E22C0F3CEA00DBD96F /* Assets.xcassets in Resources */,
			);
			runOnlyForDeploymentPostprocessing = 0;
		};
/* End PBXResourcesBuildPhase section */

/* Begin PBXSourcesBuildPhase section */
		2A7172D12C0F3CE700DBD96F /* Sources */ = {
			isa = PBXSourcesBuildPhase;
			buildActionMask = 2147483647;
			files = (
				2A7173192C11F1F100DBD96F /* EditCompetitionCardViewModel.swift in Sources */,
				2A7173032C10EED300DBD96F /* EditCompetitionCardView.swift in Sources */,
				2A7172F72C10AB9B00DBD96F /* CompetitionsViewController.swift in Sources */,
				2A7173132C11E8E800DBD96F /* UIImageExtension.swift in Sources */,
				2A71730E2C11E5E700DBD96F /* CoordinatorProtocol.swift in Sources */,
				2A7172F22C0F48E100DBD96F /* TabBarFabric.swift in Sources */,
				2A71730B2C11E43B00DBD96F /* ContainerAssembly.swift in Sources */,
				2A7172FE2C10C22700DBD96F /* CompetitionCardViewController.swift in Sources */,
				2A7172DD2C0F3CE700DBD96F /* ViewController.swift in Sources */,
				2A7173012C10EEBF00DBD96F /* EditCompetitionCardViewController.swift in Sources */,
				2A7172D92C0F3CE700DBD96F /* AppDelegate.swift in Sources */,
				2A7173172C11EF5E00DBD96F /* CompetitionCardViewModel.swift in Sources */,
				2A7172F92C10ABEB00DBD96F /* CompetitionsView.swift in Sources */,
				2A7173062C10FD4F00DBD96F /* CustomTextField.swift in Sources */,
				2A7173082C11120900DBD96F /* CompetitionCollectionViewCell.swift in Sources */,
				2A7173102C11E61F00DBD96F /* CompetitionsScreenFlowCoordinator.swift in Sources */,
				2A7173152C11E90600DBD96F /* UICollectionViewCellExtension.swift in Sources */,
				2A7172FC2C10C1FF00DBD96F /* CompetitionCardView.swift in Sources */,
				2A7172DB2C0F3CE700DBD96F /* SceneDelegate.swift in Sources */,
				2A7172F52C10AB8800DBD96F /* CompetitionsViewModel.swift in Sources */,
			);
			runOnlyForDeploymentPostprocessing = 0;
		};
/* End PBXSourcesBuildPhase section */

/* Begin PBXVariantGroup section */
		2A7172E32C0F3CEA00DBD96F /* LaunchScreen.storyboard */ = {
			isa = PBXVariantGroup;
			children = (
				2A7172E42C0F3CEA00DBD96F /* Base */,
			);
			name = LaunchScreen.storyboard;
			sourceTree = "<group>";
		};
/* End PBXVariantGroup section */

/* Begin XCBuildConfiguration section */
		2A7172E72C0F3CEA00DBD96F /* Debug */ = {
			isa = XCBuildConfiguration;
			buildSettings = {
				ALWAYS_SEARCH_USER_PATHS = NO;
				ASSETCATALOG_COMPILER_GENERATE_SWIFT_ASSET_SYMBOL_EXTENSIONS = YES;
				CLANG_ANALYZER_NONNULL = YES;
				CLANG_ANALYZER_NUMBER_OBJECT_CONVERSION = YES_AGGRESSIVE;
				CLANG_CXX_LANGUAGE_STANDARD = "gnu++20";
				CLANG_ENABLE_MODULES = YES;
				CLANG_ENABLE_OBJC_ARC = YES;
				CLANG_ENABLE_OBJC_WEAK = YES;
				CLANG_WARN_BLOCK_CAPTURE_AUTORELEASING = YES;
				CLANG_WARN_BOOL_CONVERSION = YES;
				CLANG_WARN_COMMA = YES;
				CLANG_WARN_CONSTANT_CONVERSION = YES;
				CLANG_WARN_DEPRECATED_OBJC_IMPLEMENTATIONS = YES;
				CLANG_WARN_DIRECT_OBJC_ISA_USAGE = YES_ERROR;
				CLANG_WARN_DOCUMENTATION_COMMENTS = YES;
				CLANG_WARN_EMPTY_BODY = YES;
				CLANG_WARN_ENUM_CONVERSION = YES;
				CLANG_WARN_INFINITE_RECURSION = YES;
				CLANG_WARN_INT_CONVERSION = YES;
				CLANG_WARN_NON_LITERAL_NULL_CONVERSION = YES;
				CLANG_WARN_OBJC_IMPLICIT_RETAIN_SELF = YES;
				CLANG_WARN_OBJC_LITERAL_CONVERSION = YES;
				CLANG_WARN_OBJC_ROOT_CLASS = YES_ERROR;
				CLANG_WARN_QUOTED_INCLUDE_IN_FRAMEWORK_HEADER = YES;
				CLANG_WARN_RANGE_LOOP_ANALYSIS = YES;
				CLANG_WARN_STRICT_PROTOTYPES = YES;
				CLANG_WARN_SUSPICIOUS_MOVE = YES;
				CLANG_WARN_UNGUARDED_AVAILABILITY = YES_AGGRESSIVE;
				CLANG_WARN_UNREACHABLE_CODE = YES;
				CLANG_WARN__DUPLICATE_METHOD_MATCH = YES;
				COPY_PHASE_STRIP = NO;
				DEBUG_INFORMATION_FORMAT = dwarf;
				ENABLE_STRICT_OBJC_MSGSEND = YES;
				ENABLE_TESTABILITY = YES;
				ENABLE_USER_SCRIPT_SANDBOXING = YES;
				GCC_C_LANGUAGE_STANDARD = gnu17;
				GCC_DYNAMIC_NO_PIC = NO;
				GCC_NO_COMMON_BLOCKS = YES;
				GCC_OPTIMIZATION_LEVEL = 0;
				GCC_PREPROCESSOR_DEFINITIONS = (
					"DEBUG=1",
					"$(inherited)",
				);
				GCC_WARN_64_TO_32_BIT_CONVERSION = YES;
				GCC_WARN_ABOUT_RETURN_TYPE = YES_ERROR;
				GCC_WARN_UNDECLARED_SELECTOR = YES;
				GCC_WARN_UNINITIALIZED_AUTOS = YES_AGGRESSIVE;
				GCC_WARN_UNUSED_FUNCTION = YES;
				GCC_WARN_UNUSED_VARIABLE = YES;
				IPHONEOS_DEPLOYMENT_TARGET = 14.0;
				LOCALIZATION_PREFERS_STRING_CATALOGS = YES;
				MTL_ENABLE_DEBUG_INFO = INCLUDE_SOURCE;
				MTL_FAST_MATH = YES;
				ONLY_ACTIVE_ARCH = YES;
				SDKROOT = iphoneos;
				SWIFT_ACTIVE_COMPILATION_CONDITIONS = "DEBUG $(inherited)";
				SWIFT_OPTIMIZATION_LEVEL = "-Onone";
			};
			name = Debug;
		};
		2A7172E82C0F3CEA00DBD96F /* Release */ = {
			isa = XCBuildConfiguration;
			buildSettings = {
				ALWAYS_SEARCH_USER_PATHS = NO;
				ASSETCATALOG_COMPILER_GENERATE_SWIFT_ASSET_SYMBOL_EXTENSIONS = YES;
				CLANG_ANALYZER_NONNULL = YES;
				CLANG_ANALYZER_NUMBER_OBJECT_CONVERSION = YES_AGGRESSIVE;
				CLANG_CXX_LANGUAGE_STANDARD = "gnu++20";
				CLANG_ENABLE_MODULES = YES;
				CLANG_ENABLE_OBJC_ARC = YES;
				CLANG_ENABLE_OBJC_WEAK = YES;
				CLANG_WARN_BLOCK_CAPTURE_AUTORELEASING = YES;
				CLANG_WARN_BOOL_CONVERSION = YES;
				CLANG_WARN_COMMA = YES;
				CLANG_WARN_CONSTANT_CONVERSION = YES;
				CLANG_WARN_DEPRECATED_OBJC_IMPLEMENTATIONS = YES;
				CLANG_WARN_DIRECT_OBJC_ISA_USAGE = YES_ERROR;
				CLANG_WARN_DOCUMENTATION_COMMENTS = YES;
				CLANG_WARN_EMPTY_BODY = YES;
				CLANG_WARN_ENUM_CONVERSION = YES;
				CLANG_WARN_INFINITE_RECURSION = YES;
				CLANG_WARN_INT_CONVERSION = YES;
				CLANG_WARN_NON_LITERAL_NULL_CONVERSION = YES;
				CLANG_WARN_OBJC_IMPLICIT_RETAIN_SELF = YES;
				CLANG_WARN_OBJC_LITERAL_CONVERSION = YES;
				CLANG_WARN_OBJC_ROOT_CLASS = YES_ERROR;
				CLANG_WARN_QUOTED_INCLUDE_IN_FRAMEWORK_HEADER = YES;
				CLANG_WARN_RANGE_LOOP_ANALYSIS = YES;
				CLANG_WARN_STRICT_PROTOTYPES = YES;
				CLANG_WARN_SUSPICIOUS_MOVE = YES;
				CLANG_WARN_UNGUARDED_AVAILABILITY = YES_AGGRESSIVE;
				CLANG_WARN_UNREACHABLE_CODE = YES;
				CLANG_WARN__DUPLICATE_METHOD_MATCH = YES;
				COPY_PHASE_STRIP = NO;
				DEBUG_INFORMATION_FORMAT = "dwarf-with-dsym";
				ENABLE_NS_ASSERTIONS = NO;
				ENABLE_STRICT_OBJC_MSGSEND = YES;
				ENABLE_USER_SCRIPT_SANDBOXING = YES;
				GCC_C_LANGUAGE_STANDARD = gnu17;
				GCC_NO_COMMON_BLOCKS = YES;
				GCC_WARN_64_TO_32_BIT_CONVERSION = YES;
				GCC_WARN_ABOUT_RETURN_TYPE = YES_ERROR;
				GCC_WARN_UNDECLARED_SELECTOR = YES;
				GCC_WARN_UNINITIALIZED_AUTOS = YES_AGGRESSIVE;
				GCC_WARN_UNUSED_FUNCTION = YES;
				GCC_WARN_UNUSED_VARIABLE = YES;
				IPHONEOS_DEPLOYMENT_TARGET = 14.0;
				LOCALIZATION_PREFERS_STRING_CATALOGS = YES;
				MTL_ENABLE_DEBUG_INFO = NO;
				MTL_FAST_MATH = YES;
				SDKROOT = iphoneos;
				SWIFT_COMPILATION_MODE = wholemodule;
				VALIDATE_PRODUCT = YES;
			};
			name = Release;
		};
		2A7172EA2C0F3CEA00DBD96F /* Debug */ = {
			isa = XCBuildConfiguration;
			buildSettings = {
				ASSETCATALOG_COMPILER_APPICON_NAME = AppIcon;
				ASSETCATALOG_COMPILER_GLOBAL_ACCENT_COLOR_NAME = AccentColor;
				CODE_SIGN_STYLE = Automatic;
				CURRENT_PROJECT_VERSION = 1;
				GENERATE_INFOPLIST_FILE = YES;
				INFOPLIST_FILE = Vulcano/Info.plist;
				INFOPLIST_KEY_UIApplicationSupportsIndirectInputEvents = YES;
				INFOPLIST_KEY_UILaunchStoryboardName = LaunchScreen;
				INFOPLIST_KEY_UISupportedInterfaceOrientations_iPad = "UIInterfaceOrientationPortrait UIInterfaceOrientationPortraitUpsideDown UIInterfaceOrientationLandscapeLeft UIInterfaceOrientationLandscapeRight";
				INFOPLIST_KEY_UISupportedInterfaceOrientations_iPhone = "UIInterfaceOrientationPortrait UIInterfaceOrientationLandscapeLeft UIInterfaceOrientationLandscapeRight";
				IPHONEOS_DEPLOYMENT_TARGET = 14.0;
				LD_RUNPATH_SEARCH_PATHS = (
					"$(inherited)",
					"@executable_path/Frameworks",
				);
				MARKETING_VERSION = 1.0;
				PRODUCT_BUNDLE_IDENTIFIER = com.Vulcano;
				PRODUCT_NAME = "$(TARGET_NAME)";
				SWIFT_EMIT_LOC_STRINGS = YES;
				SWIFT_VERSION = 5.0;
				TARGETED_DEVICE_FAMILY = "1,2";
			};
			name = Debug;
		};
		2A7172EB2C0F3CEA00DBD96F /* Release */ = {
			isa = XCBuildConfiguration;
			buildSettings = {
				ASSETCATALOG_COMPILER_APPICON_NAME = AppIcon;
				ASSETCATALOG_COMPILER_GLOBAL_ACCENT_COLOR_NAME = AccentColor;
				CODE_SIGN_STYLE = Automatic;
				CURRENT_PROJECT_VERSION = 1;
				GENERATE_INFOPLIST_FILE = YES;
				INFOPLIST_FILE = Vulcano/Info.plist;
				INFOPLIST_KEY_UIApplicationSupportsIndirectInputEvents = YES;
				INFOPLIST_KEY_UILaunchStoryboardName = LaunchScreen;
				INFOPLIST_KEY_UISupportedInterfaceOrientations_iPad = "UIInterfaceOrientationPortrait UIInterfaceOrientationPortraitUpsideDown UIInterfaceOrientationLandscapeLeft UIInterfaceOrientationLandscapeRight";
				INFOPLIST_KEY_UISupportedInterfaceOrientations_iPhone = "UIInterfaceOrientationPortrait UIInterfaceOrientationLandscapeLeft UIInterfaceOrientationLandscapeRight";
				IPHONEOS_DEPLOYMENT_TARGET = 14.0;
				LD_RUNPATH_SEARCH_PATHS = (
					"$(inherited)",
					"@executable_path/Frameworks",
				);
				MARKETING_VERSION = 1.0;
				PRODUCT_BUNDLE_IDENTIFIER = com.Vulcano;
				PRODUCT_NAME = "$(TARGET_NAME)";
				SWIFT_EMIT_LOC_STRINGS = YES;
				SWIFT_VERSION = 5.0;
				TARGETED_DEVICE_FAMILY = "1,2";
			};
			name = Release;
		};
/* End XCBuildConfiguration section */

/* Begin XCConfigurationList section */
		2A7172D02C0F3CE700DBD96F /* Build configuration list for PBXProject "Vulcano" */ = {
			isa = XCConfigurationList;
			buildConfigurations = (
				2A7172E72C0F3CEA00DBD96F /* Debug */,
				2A7172E82C0F3CEA00DBD96F /* Release */,
			);
			defaultConfigurationIsVisible = 0;
			defaultConfigurationName = Release;
		};
		2A7172E92C0F3CEA00DBD96F /* Build configuration list for PBXNativeTarget "Vulcano" */ = {
			isa = XCConfigurationList;
			buildConfigurations = (
				2A7172EA2C0F3CEA00DBD96F /* Debug */,
				2A7172EB2C0F3CEA00DBD96F /* Release */,
			);
			defaultConfigurationIsVisible = 0;
			defaultConfigurationName = Release;
		};
/* End XCConfigurationList section */

/* Begin XCRemoteSwiftPackageReference section */
		2A7172EC2C0F3D1C00DBD96F /* XCRemoteSwiftPackageReference "Swinject" */ = {
			isa = XCRemoteSwiftPackageReference;
			repositoryURL = "https://github.com/Swinject/Swinject";
			requirement = {
				kind = upToNextMajorVersion;
				minimumVersion = 2.9.1;
			};
		};
/* End XCRemoteSwiftPackageReference section */

/* Begin XCSwiftPackageProductDependency section */
		2A7172ED2C0F3D1C00DBD96F /* Swinject */ = {
			isa = XCSwiftPackageProductDependency;
			package = 2A7172EC2C0F3D1C00DBD96F /* XCRemoteSwiftPackageReference "Swinject" */;
			productName = Swinject;
		};
/* End XCSwiftPackageProductDependency section */
	};
	rootObject = 2A7172CD2C0F3CE700DBD96F /* Project object */;
}
